# This file is automatically @generated by Poetry 1.7.1 and should not be changed by hand.

[[package]]
name = "fzf-but-typed"
version = "0.46.2"
description = "Statically typed API to fzf"
optional = false
python-versions = ">=3.11,<4.0"
files = [
    {file = "fzf_but_typed-0.46.2.tar.gz", hash = "sha256:c9e42eb688944fddd98397d8d41ea1b4ae164dd185eb22556ec2c89263930219"},
]

[[package]]
name = "sdbus"
version = "0.11.1"
description = "Modern Python D-Bus library. Based on sd-bus from libsystemd."
optional = false
python-versions = ">=3.7"
files = [
    {file = "sdbus-0.11.1-cp37-abi3-manylinux_2_17_aarch64.manylinux2014_aarch64.whl", hash = "sha256:89b9e2d1902d69849a62fce7fd3d65af302e9aa7cc2873e1b77499d713c21c2e"},
    {file = "sdbus-0.11.1-cp37-abi3-manylinux_2_17_x86_64.manylinux2014_x86_64.whl", hash = "sha256:b95cfcdb8af934f52cefed26f02ed49e2e873de5bb70f41d974c8b63dae00002"},
    {file = "sdbus-0.11.1.tar.gz", hash = "sha256:adb97718ce996bb308520682c50b1a13e606d65a6edb1c1967a15d2e570cb3b7"},
]

[[package]]
name = "sdbus-networkmanager"
version = "2.0.0"
description = "NetworkManager binds for sdbus."
optional = false
python-versions = ">=3.7"
files = [
    {file = "sdbus-networkmanager-2.0.0.tar.gz", hash = "sha256:3572ac3a8189c683ec0416acb148761773a8f0881ad3d78b6d6f6864eff9c50b"},
    {file = "sdbus_networkmanager-2.0.0-py3-none-any.whl", hash = "sha256:710a5ccfb1c3267016c990023ca76ad6210b13ab63aa5dad3a20e590b291b08f"},
]

[package.dependencies]
sdbus = ">=0.8rc2"

[[package]]
name = "sdbus-notifications"
version = "1.0.1"
description = "Freedesktop notifications binds for sdbus."
optional = true
python-versions = ">=3.7"
files = [
    {file = "sdbus-notifications-1.0.1.tar.gz", hash = "sha256:0edf27a5ec2de50b9b5eb82ed426a3b570d3b89c155736df8f7ba9768e9e2c9f"},
    {file = "sdbus_notifications-1.0.1-py3-none-any.whl", hash = "sha256:e407436c5ae3518fdecbcddc6d1d74b809dbd4efba08bd9ce3840f577e48a2db"},
]

[package.dependencies]
sdbus = ">=0.8rc2"

[extras]
notifications = ["sdbus-notifications"]

[metadata]
lock-version = "2.0"
python-versions = "^3.11"
content-hash = "4e6f373df5c7318b5c413f3ff65049812985ee32c6bd4fe6156b73bb5cdae5d1"
